
Microsoft Visual Studio Solution File, Format Version 12.00
Project("{FAE04EC0-301F-11D3-BF4B-00C04F79EFBC}") = "Services", "Services\Services.csproj", "{60D604BE-FE9C-430A-8E1E-DDDBCD9C0687}"
EndProject
Project("{FAE04EC0-301F-11D3-BF4B-00C04F79EFBC}") = "Terminal", "Terminal\Terminal.csproj", "{1FA6AC0A-46EA-4930-A334-29002C1FFE17}"
EndProject
Project("{FAE04EC0-301F-11D3-BF4B-00C04F79EFBC}") = "Tests", "Tests\Tests.csproj", "{3937B8AD-D2C2-4FA3-B685-EBE1F0421598}"
EndProject
Project("{FAE04EC0-301F-11D3-BF4B-00C04F79EFBC}") = "calcApi", "calcApi\calcApi.csproj", "{EDE48C4B-D23A-461D-BC3D-A5AED32481A3}"
EndProject
Project("{FAE04EC0-301F-11D3-BF4B-00C04F79EFBC}") = "calcCoreApi", "calcCoreApi\calcCoreApi.csproj", "{B41B5773-46AE-4FE9-B875-0CD9B463E8E0}"
EndProject
Global
	GlobalSection(SolutionConfigurationPlatforms) = preSolution
		Debug|Any CPU = Debug|Any CPU
		Release|Any CPU = Release|Any CPU
	EndGlobalSection
	GlobalSection(ProjectConfigurationPlatforms) = postSolution
		{60D604BE-FE9C-430A-8E1E-DDDBCD9C0687}.Debug|Any CPU.ActiveCfg = Debug|Any CPU
		{60D604BE-FE9C-430A-8E1E-DDDBCD9C0687}.Debug|Any CPU.Build.0 = Debug|Any CPU
		{60D604BE-FE9C-430A-8E1E-DDDBCD9C0687}.Release|Any CPU.ActiveCfg = Release|Any CPU
		{60D604BE-FE9C-430A-8E1E-DDDBCD9C0687}.Release|Any CPU.Build.0 = Release|Any CPU
		{1FA6AC0A-46EA-4930-A334-29002C1FFE17}.Debug|Any CPU.ActiveCfg = Debug|Any CPU
		{1FA6AC0A-46EA-4930-A334-29002C1FFE17}.Debug|Any CPU.Build.0 = Debug|Any CPU
		{1FA6AC0A-46EA-4930-A334-29002C1FFE17}.Release|Any CPU.ActiveCfg = Release|Any CPU
		{1FA6AC0A-46EA-4930-A334-29002C1FFE17}.Release|Any CPU.Build.0 = Release|Any CPU
		{3937B8AD-D2C2-4FA3-B685-EBE1F0421598}.Debug|Any CPU.ActiveCfg = Debug|Any CPU
		{3937B8AD-D2C2-4FA3-B685-EBE1F0421598}.Debug|Any CPU.Build.0 = Debug|Any CPU
		{3937B8AD-D2C2-4FA3-B685-EBE1F0421598}.Release|Any CPU.ActiveCfg = Release|Any CPU
		{3937B8AD-D2C2-4FA3-B685-EBE1F0421598}.Release|Any CPU.Build.0 = Release|Any CPU
		{EDE48C4B-D23A-461D-BC3D-A5AED32481A3}.Debug|Any CPU.ActiveCfg = Debug|Any CPU
		{EDE48C4B-D23A-461D-BC3D-A5AED32481A3}.Debug|Any CPU.Build.0 = Debug|Any CPU
		{EDE48C4B-D23A-461D-BC3D-A5AED32481A3}.Release|Any CPU.ActiveCfg = Release|Any CPU
		{EDE48C4B-D23A-461D-BC3D-A5AED32481A3}.Release|Any CPU.Build.0 = Release|Any CPU
		{B41B5773-46AE-4FE9-B875-0CD9B463E8E0}.Debug|Any CPU.ActiveCfg = Debug|Any CPU
		{B41B5773-46AE-4FE9-B875-0CD9B463E8E0}.Debug|Any CPU.Build.0 = Debug|Any CPU
		{B41B5773-46AE-4FE9-B875-0CD9B463E8E0}.Release|Any CPU.ActiveCfg = Release|Any CPU
		{B41B5773-46AE-4FE9-B875-0CD9B463E8E0}.Release|Any CPU.Build.0 = Release|Any CPU
	EndGlobalSection
EndGlobal
